
Microsoft Visual Studio Solution File, Format Version 12.00
# Visual Studio Version 16
VisualStudioVersion = 16.0.30104.148
MinimumVisualStudioVersion = 10.0.40219.1
Project("{FAE04EC0-301F-11D3-BF4B-00C04F79EFBC}") = "PragueParkingProject.UWP", "PragueParkingProject\PragueParkingProject.UWP\PragueParkingProject.UWP.csproj", "{070CD755-9CF3-42AF-BDC5-FC7EAC749486}"
EndProject
Project("{FAE04EC0-301F-11D3-BF4B-00C04F79EFBC}") = "PragueParkingProject.Android", "PragueParkingProject\PragueParkingProject.Android\PragueParkingProject.Android.csproj", "{6D428B88-3257-4377-A864-4E4C150CB2B7}"
EndProject
Project("{FAE04EC0-301F-11D3-BF4B-00C04F79EFBC}") = "PragueParkingProject.iOS", "PragueParkingProject\PragueParkingProject.iOS\PragueParkingProject.iOS.csproj", "{168948BE-050F-4B6D-9C61-CC6736B25680}"
EndProject
Project("{FAE04EC0-301F-11D3-BF4B-00C04F79EFBC}") = "PragueParkingProject", "PragueParkingProject\PragueParkingProject\PragueParkingProject.csproj", "{CDB3F8BA-19DB-4231-83B6-023E050A38CF}"
EndProject
Global
	GlobalSection(SolutionConfigurationPlatforms) = preSolution
		Debug|Any CPU = Debug|Any CPU
		Debug|ARM = Debug|ARM
		Debug|iPhone = Debug|iPhone
		Debug|iPhoneSimulator = Debug|iPhoneSimulator
		Debug|x64 = Debug|x64
		Debug|x86 = Debug|x86
		Release|Any CPU = Release|Any CPU
		Release|ARM = Release|ARM
		Release|iPhone = Release|iPhone
		Release|iPhoneSimulator = Release|iPhoneSimulator
		Release|x64 = Release|x64
		Release|x86 = Release|x86
	EndGlobalSection
	GlobalSection(ProjectConfigurationPlatforms) = postSolution
		{070CD755-9CF3-42AF-BDC5-FC7EAC749486}.Debug|Any CPU.ActiveCfg = Debug|x86
		{070CD755-9CF3-42AF-BDC5-FC7EAC749486}.Debug|Any CPU.Build.0 = Debug|x86
		{070CD755-9CF3-42AF-BDC5-FC7EAC749486}.Debug|Any CPU.Deploy.0 = Debug|x86
		{070CD755-9CF3-42AF-BDC5-FC7EAC749486}.Debug|ARM.ActiveCfg = Debug|ARM
		{070CD755-9CF3-42AF-BDC5-FC7EAC749486}.Debug|ARM.Build.0 = Debug|ARM
		{070CD755-9CF3-42AF-BDC5-FC7EAC749486}.Debug|ARM.Deploy.0 = Debug|ARM
		{070CD755-9CF3-42AF-BDC5-FC7EAC749486}.Debug|iPhone.ActiveCfg = Debug|x86
		{070CD755-9CF3-42AF-BDC5-FC7EAC749486}.Debug|iPhone.Build.0 = Debug|x86
		{070CD755-9CF3-42AF-BDC5-FC7EAC749486}.Debug|iPhone.Deploy.0 = Debug|x86
		{070CD755-9CF3-42AF-BDC5-FC7EAC749486}.Debug|iPhoneSimulator.ActiveCfg = Debug|x86
		{070CD755-9CF3-42AF-BDC5-FC7EAC749486}.Debug|iPhoneSimulator.Build.0 = Debug|x86
		{070CD755-9CF3-42AF-BDC5-FC7EAC749486}.Debug|iPhoneSimulator.Deploy.0 = Debug|x86
		{070CD755-9CF3-42AF-BDC5-FC7EAC749486}.Debug|x64.ActiveCfg = Debug|x64
		{070CD755-9CF3-42AF-BDC5-FC7EAC749486}.Debug|x64.Build.0 = Debug|x64
		{070CD755-9CF3-42AF-BDC5-FC7EAC749486}.Debug|x64.Deploy.0 = Debug|x64
		{070CD755-9CF3-42AF-BDC5-FC7EAC749486}.Debug|x86.ActiveCfg = Debug|x86
		{070CD755-9CF3-42AF-BDC5-FC7EAC749486}.Debug|x86.Build.0 = Debug|x86
		{070CD755-9CF3-42AF-BDC5-FC7EAC749486}.Debug|x86.Deploy.0 = Debug|x86
		{070CD755-9CF3-42AF-BDC5-FC7EAC749486}.Release|Any CPU.ActiveCfg = Release|x86
		{070CD755-9CF3-42AF-BDC5-FC7EAC749486}.Release|Any CPU.Build.0 = Release|x86
		{070CD755-9CF3-42AF-BDC5-FC7EAC749486}.Release|Any CPU.Deploy.0 = Release|x86
		{070CD755-9CF3-42AF-BDC5-FC7EAC749486}.Release|ARM.ActiveCfg = Release|ARM
		{070CD755-9CF3-42AF-BDC5-FC7EAC749486}.Release|ARM.Build.0 = Release|ARM
		{070CD755-9CF3-42AF-BDC5-FC7EAC749486}.Release|ARM.Deploy.0 = Release|ARM
		{070CD755-9CF3-42AF-BDC5-FC7EAC749486}.Release|iPhone.ActiveCfg = Release|x86
		{070CD755-9CF3-42AF-BDC5-FC7EAC749486}.Release|iPhone.Build.0 = Release|x86
		{070CD755-9CF3-42AF-BDC5-FC7EAC749486}.Release|iPhone.Deploy.0 = Release|x86
		{070CD755-9CF3-42AF-BDC5-FC7EAC749486}.Release|iPhoneSimulator.ActiveCfg = Release|x86
		{070CD755-9CF3-42AF-BDC5-FC7EAC749486}.Release|iPhoneSimulator.Build.0 = Release|x86
		{070CD755-9CF3-42AF-BDC5-FC7EAC749486}.Release|iPhoneSimulator.Deploy.0 = Release|x86
		{070CD755-9CF3-42AF-BDC5-FC7EAC749486}.Release|x64.ActiveCfg = Release|x64
		{070CD755-9CF3-42AF-BDC5-FC7EAC749486}.Release|x64.Build.0 = Release|x64
		{070CD755-9CF3-42AF-BDC5-FC7EAC749486}.Release|x64.Deploy.0 = Release|x64
		{070CD755-9CF3-42AF-BDC5-FC7EAC749486}.Release|x86.ActiveCfg = Release|x86
		{070CD755-9CF3-42AF-BDC5-FC7EAC749486}.Release|x86.Build.0 = Release|x86
		{070CD755-9CF3-42AF-BDC5-FC7EAC749486}.Release|x86.Deploy.0 = Release|x86
		{6D428B88-3257-4377-A864-4E4C150CB2B7}.Debug|Any CPU.ActiveCfg = Debug|Any CPU
		{6D428B88-3257-4377-A864-4E4C150CB2B7}.Debug|Any CPU.Build.0 = Debug|Any CPU
		{6D428B88-3257-4377-A864-4E4C150CB2B7}.Debug|Any CPU.Deploy.0 = Debug|Any CPU
		{6D428B88-3257-4377-A864-4E4C150CB2B7}.Debug|ARM.ActiveCfg = Debug|Any CPU
		{6D428B88-3257-4377-A864-4E4C150CB2B7}.Debug|ARM.Build.0 = Debug|Any CPU
		{6D428B88-3257-4377-A864-4E4C150CB2B7}.Debug|ARM.Deploy.0 = Debug|Any CPU
		{6D428B88-3257-4377-A864-4E4C150CB2B7}.Debug|iPhone.ActiveCfg = Debug|Any CPU
		{6D428B88-3257-4377-A864-4E4C150CB2B7}.Debug|iPhone.Build.0 = Debug|Any CPU
		{6D428B88-3257-4377-A864-4E4C150CB2B7}.Debug|iPhone.Deploy.0 = Debug|Any CPU
		{6D428B88-3257-4377-A864-4E4C150CB2B7}.Debug|iPhoneSimulator.ActiveCfg = Debug|Any CPU
		{6D428B88-3257-4377-A864-4E4C150CB2B7}.Debug|iPhoneSimulator.Build.0 = Debug|Any CPU
		{6D428B88-3257-4377-A864-4E4C150CB2B7}.Debug|iPhoneSimulator.Deploy.0 = Debug|Any CPU
		{6D428B88-3257-4377-A864-4E4C150CB2B7}.Debug|x64.ActiveCfg = Debug|Any CPU
		{6D428B88-3257-4377-A864-4E4C150CB2B7}.Debug|x64.Build.0 = Debug|Any CPU
		{6D428B88-3257-4377-A864-4E4C150CB2B7}.Debug|x64.Deploy.0 = Debug|Any CPU
		{6D428B88-3257-4377-A864-4E4C150CB2B7}.Debug|x86.ActiveCfg = Debug|Any CPU
		{6D428B88-3257-4377-A864-4E4C150CB2B7}.Debug|x86.Build.0 = Debug|Any CPU
		{6D428B88-3257-4377-A864-4E4C150CB2B7}.Debug|x86.Deploy.0 = Debug|Any CPU
		{6D428B88-3257-4377-A864-4E4C150CB2B7}.Release|Any CPU.ActiveCfg = Release|Any CPU
		{6D428B88-3257-4377-A864-4E4C150CB2B7}.Release|Any CPU.Build.0 = Release|Any CPU
		{6D428B88-3257-4377-A864-4E4C150CB2B7}.Release|Any CPU.Deploy.0 = Release|Any CPU
		{6D428B88-3257-4377-A864-4E4C150CB2B7}.Release|ARM.ActiveCfg = Release|Any CPU
		{6D428B88-3257-4377-A864-4E4C150CB2B7}.Release|ARM.Build.0 = Release|Any CPU
		{6D428B88-3257-4377-A864-4E4C150CB2B7}.Release|ARM.Deploy.0 = Release|Any CPU
		{6D428B88-3257-4377-A864-4E4C150CB2B7}.Release|iPhone.ActiveCfg = Release|Any CPU
		{6D428B88-3257-4377-A864-4E4C150CB2B7}.Release|iPhone.Build.0 = Release|Any CPU
		{6D428B88-3257-4377-A864-4E4C150CB2B7}.Release|iPhone.Deploy.0 = Release|Any CPU
		{6D428B88-3257-4377-A864-4E4C150CB2B7}.Release|iPhoneSimulator.ActiveCfg = Release|Any CPU
		{6D428B88-3257-4377-A864-4E4C150CB2B7}.Release|iPhoneSimulator.Build.0 = Release|Any CPU
		{6D428B88-3257-4377-A864-4E4C150CB2B7}.Release|iPhoneSimulator.Deploy.0 = Release|Any CPU
		{6D428B88-3257-4377-A864-4E4C150CB2B7}.Release|x64.ActiveCfg = Release|Any CPU
		{6D428B88-3257-4377-A864-4E4C150CB2B7}.Release|x64.Build.0 = Release|Any CPU
		{6D428B88-3257-4377-A864-4E4C150CB2B7}.Release|x64.Deploy.0 = Release|Any CPU
		{6D428B88-3257-4377-A864-4E4C150CB2B7}.Release|x86.ActiveCfg = Release|Any CPU
		{6D428B88-3257-4377-A864-4E4C150CB2B7}.Release|x86.Build.0 = Release|Any CPU
		{6D428B88-3257-4377-A864-4E4C150CB2B7}.Release|x86.Deploy.0 = Release|Any CPU
		{168948BE-050F-4B6D-9C61-CC6736B25680}.Debug|Any CPU.ActiveCfg = Debug|iPhone
		{168948BE-050F-4B6D-9C61-CC6736B25680}.Debug|Any CPU.Build.0 = Debug|iPhone
		{168948BE-050F-4B6D-9C61-CC6736B25680}.Debug|Any CPU.Deploy.0 = Debug|iPhone
		{168948BE-050F-4B6D-9C61-CC6736B25680}.Debug|ARM.ActiveCfg = Debug|iPhone
		{168948BE-050F-4B6D-9C61-CC6736B25680}.Debug|ARM.Build.0 = Debug|iPhone
		{168948BE-050F-4B6D-9C61-CC6736B25680}.Debug|ARM.Deploy.0 = Debug|iPhone
		{168948BE-050F-4B6D-9C61-CC6736B25680}.Debug|iPhone.ActiveCfg = Debug|iPhone
		{168948BE-050F-4B6D-9C61-CC6736B25680}.Debug|iPhone.Build.0 = Debug|iPhone
		{168948BE-050F-4B6D-9C61-CC6736B25680}.Debug|iPhone.Deploy.0 = Debug|iPhone
		{168948BE-050F-4B6D-9C61-CC6736B25680}.Debug|iPhoneSimulator.ActiveCfg = Debug|iPhoneSimulator
		{168948BE-050F-4B6D-9C61-CC6736B25680}.Debug|iPhoneSimulator.Build.0 = Debug|iPhoneSimulator
		{168948BE-050F-4B6D-9C61-CC6736B25680}.Debug|iPhoneSimulator.Deploy.0 = Debug|iPhoneSimulator
		{168948BE-050F-4B6D-9C61-CC6736B25680}.Debug|x64.ActiveCfg = Debug|iPhone
		{168948BE-050F-4B6D-9C61-CC6736B25680}.Debug|x64.Build.0 = Debug|iPhone
		{168948BE-050F-4B6D-9C61-CC6736B25680}.Debug|x64.Deploy.0 = Debug|iPhone
		{168948BE-050F-4B6D-9C61-CC6736B25680}.Debug|x86.ActiveCfg = Debug|iPhone
		{168948BE-050F-4B6D-9C61-CC6736B25680}.Debug|x86.Build.0 = Debug|iPhone
		{168948BE-050F-4B6D-9C61-CC6736B25680}.Debug|x86.Deploy.0 = Debug|iPhone
		{168948BE-050F-4B6D-9C61-CC6736B25680}.Release|Any CPU.ActiveCfg = Release|iPhone
		{168948BE-050F-4B6D-9C61-CC6736B25680}.Release|Any CPU.Build.0 = Release|iPhone
		{168948BE-050F-4B6D-9C61-CC6736B25680}.Release|Any CPU.Deploy.0 = Release|iPhone
		{168948BE-050F-4B6D-9C61-CC6736B25680}.Release|ARM.ActiveCfg = Release|iPhone
		{168948BE-050F-4B6D-9C61-CC6736B25680}.Release|ARM.Build.0 = Release|iPhone
		{168948BE-050F-4B6D-9C61-CC6736B25680}.Release|ARM.Deploy.0 = Release|iPhone
		{168948BE-050F-4B6D-9C61-CC6736B25680}.Release|iPhone.ActiveCfg = Release|iPhone
		{168948BE-050F-4B6D-9C61-CC6736B25680}.Release|iPhone.Build.0 = Release|iPhone
		{168948BE-050F-4B6D-9C61-CC6736B25680}.Release|iPhone.Deploy.0 = Release|iPhone
		{168948BE-050F-4B6D-9C61-CC6736B25680}.Release|iPhoneSimulator.ActiveCfg = Release|iPhoneSimulator
		{168948BE-050F-4B6D-9C61-CC6736B25680}.Release|iPhoneSimulator.Build.0 = Release|iPhoneSimulator
		{168948BE-050F-4B6D-9C61-CC6736B25680}.Release|iPhoneSimulator.Deploy.0 = Release|iPhoneSimulator
		{168948BE-050F-4B6D-9C61-CC6736B25680}.Release|x64.ActiveCfg = Release|iPhone
		{168948BE-050F-4B6D-9C61-CC6736B25680}.Release|x64.Build.0 = Release|iPhone
		{168948BE-050F-4B6D-9C61-CC6736B25680}.Release|x64.Deploy.0 = Release|iPhone
		{168948BE-050F-4B6D-9C61-CC6736B25680}.Release|x86.ActiveCfg = Release|iPhone
		{168948BE-050F-4B6D-9C61-CC6736B25680}.Release|x86.Build.0 = Release|iPhone
		{168948BE-050F-4B6D-9C61-CC6736B25680}.Release|x86.Deploy.0 = Release|iPhone
		{CDB3F8BA-19DB-4231-83B6-023E050A38CF}.Debug|Any CPU.ActiveCfg = Debug|Any CPU
		{CDB3F8BA-19DB-4231-83B6-023E050A38CF}.Debug|Any CPU.Build.0 = Debug|Any CPU
		{CDB3F8BA-19DB-4231-83B6-023E050A38CF}.Debug|Any CPU.Deploy.0 = Debug|Any CPU
		{CDB3F8BA-19DB-4231-83B6-023E050A38CF}.Debug|ARM.ActiveCfg = Debug|Any CPU
		{CDB3F8BA-19DB-4231-83B6-023E050A38CF}.Debug|ARM.Build.0 = Debug|Any CPU
		{CDB3F8BA-19DB-4231-83B6-023E050A38CF}.Debug|ARM.Deploy.0 = Debug|Any CPU
		{CDB3F8BA-19DB-4231-83B6-023E050A38CF}.Debug|iPhone.ActiveCfg = Debug|Any CPU
		{CDB3F8BA-19DB-4231-83B6-023E050A38CF}.Debug|iPhone.Build.0 = Debug|Any CPU
		{CDB3F8BA-19DB-4231-83B6-023E050A38CF}.Debug|iPhone.Deploy.0 = Debug|Any CPU
		{CDB3F8BA-19DB-4231-83B6-023E050A38CF}.Debug|iPhoneSimulator.ActiveCfg = Debug|Any CPU
		{CDB3F8BA-19DB-4231-83B6-023E050A38CF}.Debug|iPhoneSimulator.Build.0 = Debug|Any CPU
		{CDB3F8BA-19DB-4231-83B6-023E050A38CF}.Debug|iPhoneSimulator.Deploy.0 = Debug|Any CPU
		{CDB3F8BA-19DB-4231-83B6-023E050A38CF}.Debug|x64.ActiveCfg = Debug|Any CPU
		{CDB3F8BA-19DB-4231-83B6-023E050A38CF}.Debug|x64.Build.0 = Debug|Any CPU
		{CDB3F8BA-19DB-4231-83B6-023E050A38CF}.Debug|x64.Deploy.0 = Debug|Any CPU
		{CDB3F8BA-19DB-4231-83B6-023E050A38CF}.Debug|x86.ActiveCfg = Debug|Any CPU
		{CDB3F8BA-19DB-4231-83B6-023E050A38CF}.Debug|x86.Build.0 = Debug|Any CPU
		{CDB3F8BA-19DB-4231-83B6-023E050A38CF}.Debug|x86.Deploy.0 = Debug|Any CPU
		{CDB3F8BA-19DB-4231-83B6-023E050A38CF}.Release|Any CPU.ActiveCfg = Release|Any CPU
		{CDB3F8BA-19DB-4231-83B6-023E050A38CF}.Release|Any CPU.Build.0 = Release|Any CPU
		{CDB3F8BA-19DB-4231-83B6-023E050A38CF}.Release|Any CPU.Deploy.0 = Release|Any CPU
		{CDB3F8BA-19DB-4231-83B6-023E050A38CF}.Release|ARM.ActiveCfg = Release|Any CPU
		{CDB3F8BA-19DB-4231-83B6-023E050A38CF}.Release|ARM.Build.0 = Release|Any CPU
		{CDB3F8BA-19DB-4231-83B6-023E050A38CF}.Release|ARM.Deploy.0 = Release|Any CPU
		{CDB3F8BA-19DB-4231-83B6-023E050A38CF}.Release|iPhone.ActiveCfg = Release|Any CPU
		{CDB3F8BA-19DB-4231-83B6-023E050A38CF}.Release|iPhone.Build.0 = Release|Any CPU
		{CDB3F8BA-19DB-4231-83B6-023E050A38CF}.Release|iPhone.Deploy.0 = Release|Any CPU
		{CDB3F8BA-19DB-4231-83B6-023E050A38CF}.Release|iPhoneSimulator.ActiveCfg = Release|Any CPU
		{CDB3F8BA-19DB-4231-83B6-023E050A38CF}.Release|iPhoneSimulator.Build.0 = Release|Any CPU
		{CDB3F8BA-19DB-4231-83B6-023E050A38CF}.Release|iPhoneSimulator.Deploy.0 = Release|Any CPU
		{CDB3F8BA-19DB-4231-83B6-023E050A38CF}.Release|x64.ActiveCfg = Release|Any CPU
		{CDB3F8BA-19DB-4231-83B6-023E050A38CF}.Release|x64.Build.0 = Release|Any CPU
		{CDB3F8BA-19DB-4231-83B6-023E050A38CF}.Release|x64.Deploy.0 = Release|Any CPU
		{CDB3F8BA-19DB-4231-83B6-023E050A38CF}.Release|x86.ActiveCfg = Release|Any CPU
		{CDB3F8BA-19DB-4231-83B6-023E050A38CF}.Release|x86.Build.0 = Release|Any CPU
		{CDB3F8BA-19DB-4231-83B6-023E050A38CF}.Release|x86.Deploy.0 = Release|Any CPU
	EndGlobalSection
	GlobalSection(SolutionProperties) = preSolution
		HideSolutionNode = FALSE
	EndGlobalSection
	GlobalSection(ExtensibilityGlobals) = postSolution
		SolutionGuid = {1A6B248C-2438-4A90-822D-D6A6B6F02C52}
	EndGlobalSection
EndGlobal
